{
  "name": "deckagent-tooling",
  "lockfileVersion": 3,
  "requires": true,
  "packages": {
    "": {
      "name": "deckagent-tooling",
      "devDependencies": {
        "@alibaba-group/open-code-review": "1.12.7"
      },
      "engines": {
        "node": ">=18"
      }
    },
    "node_modules/@alibaba-group/ocr-darwin-arm64": {
      "version": "1.12.7",
      "resolved": "https://registry.npmjs.org/@alibaba-group/ocr-darwin-arm64/-/ocr-darwin-arm64-1.12.7.tgz",
      "integrity": "sha512-RciMl3DsynCtifA+0aETqvRMfitr69QXDfCEY8xIU8Pnor3yifumauCPVcvbhG74/2hEEQ5TMHEGp/j6txuTvQ==",
      "cpu": [
        "arm64"
      ],
      "dev": true,
      "license": "Apache-2.0",
      "optional": true,
      "os": [
        "darwin"
      ]
    },
    "node_modules/@alibaba-group/ocr-darwin-x64": {
      "version": "1.12.7",
      "resolved": "https://registry.npmjs.org/@alibaba-group/ocr-darwin-x64/-/ocr-darwin-x64-1.12.7.tgz",
      "integrity": "sha512-RZcx+0/g7Qo/FuDVJuIe69fVMbuGfblqrnxyhmQwz/tt6W9h8RGuwxYAzdFzhO30PxRV5JKP6/sbbWZ/R3m2Jg==",
      "cpu": [
        "x64"
      ],
      "dev": true,
      "license": "Apache-2.0",
      "optional": true,
      "os": [
        "darwin"
      ]
    },
    "node_modules/@alibaba-group/ocr-linux-arm64": {
      "version": "1.12.7",
      "resolved": "https://registry.npmjs.org/@alibaba-group/ocr-linux-arm64/-/ocr-linux-arm64-1.12.7.tgz",
      "integrity": "sha512-cZmE99YUmRUGY5uz6dxUvJ6u0ZM0vQx0SfJ35cQlEQ4XhjuFrqxDrMZbBy5/Uh5o+mn1CxvAjoi9pSFO+AFBLQ==",
      "cpu": [
        "arm64"
      ],
      "dev": true,
      "license": "Apache-2.0",
      "optional": true,
      "os": [
        "linux"
      ]
    },
    "node_modules/@alibaba-group/ocr-linux-x64": {
      "version": "1.12.7",
      "resolved": "https://registry.npmjs.org/@alibaba-group/ocr-linux-x64/-/ocr-linux-x64-1.12.7.tgz",
      "integrity": "sha512-JLxs40PJ+ATopRB9ftdwf1dXPoz+YifJERd3AcFSDrb9px783Jjp1bcC5w7DXGYlfqQGY2qosF74Lvq6A6wxjg==",
      "cpu": [
        "x64"
      ],
      "dev": true,
      "license": "Apache-2.0",
      "optional": true,
      "os": [
        "linux"
      ]
    },
    "node_modules/@alibaba-group/ocr-win32-arm64": {
      "version": "1.12.7",
      "resolved": "https://registry.npmjs.org/@alibaba-group/ocr-win32-arm64/-/ocr-win32-arm64-1.12.7.tgz",
      "integrity": "sha512-YNmJtYPzestlMOvsrC6aenVsKo3OyAioCUWwf8uiK91RCbTERo2QElE5MRTulBp5HKkDLrtVDb9MWRndHx3EVQ==",
      "cpu": [
        "arm64"
      ],
      "dev": true,
      "license": "Apache-2.0",
      "optional": true,
      "os": [
        "win32"
      ]
    },
    "node_modules/@alibaba-group/ocr-win32-x64": {
      "version": "1.12.7",
      "resolved": "https://registry.npmjs.org/@alibaba-group/ocr-win32-x64/-/ocr-win32-x64-1.12.7.tgz",
      "integrity": "sha512-p56hRrh8JY1s7BPuCwQt8IfPBAsrZ9xa6sNZ7CSiW0PPT4tWi3A51ykrnyVg7XSyhU9AdJO+QYld1sz3Mp0FLw==",
      "cpu": [
        "x64"
      ],
      "dev": true,
      "license": "Apache-2.0",
      "optional": true,
      "os": [
        "win32"
      ]
    },
    "node_modules/@alibaba-group/open-code-review": {
      "version": "1.12.7",
      "resolved": "https://registry.npmjs.org/@alibaba-group/open-code-review/-/open-code-review-1.12.7.tgz",
      "integrity": "sha512-A/qU59zLwKEnilGqRYpBrehKbGEYyVG6H1ngZSyGKL+GGH+2zC2YLtUE+kJsRIQxoUXpFs4RhSGRQtm3MzaLBg==",
      "dev": true,
      "hasInstallScript": true,
      "license": "Apache-2.0",
      "bin": {
        "ocr": "bin/ocr.js"
      },
      "engines": {
        "node": ">=14"
      },
      "optionalDependencies": {
        "@alibaba-group/ocr-darwin-arm64": "1.12.7",
        "@alibaba-group/ocr-darwin-x64": "1.12.7",
        "@alibaba-group/ocr-linux-arm64": "1.12.7",
        "@alibaba-group/ocr-linux-x64": "1.12.7",
        "@alibaba-group/ocr-win32-arm64": "1.12.7",
        "@alibaba-group/ocr-win32-x64": "1.12.7"
      }
    }
  }
}
